// !$*UTF8*$!
{
	archiveVersion = 1;
	classes = {
	};
	objectVersion = 46;
	objects = {

/* Begin PBXBuildFile section */
		3982E44954EDF6B0DB7D1572 /* Pods_Zwitter.framework in Frameworks */ = {isa = PBXBuildFile; fileRef = 66BCBFB8E41431FEAD01CFC6 /* Pods_Zwitter.framework */; };
		CE1E41EC1C78F53B00F763D6 /* TweetCell.swift in Sources */ = {isa = PBXBuildFile; fileRef = CE1E41EB1C78F53B00F763D6 /* TweetCell.swift */; };
		CE7656F11C77DCD500EB7981 /* AppDelegate.swift in Sources */ = {isa = PBXBuildFile; fileRef = CE7656F01C77DCD500EB7981 /* AppDelegate.swift */; };
		CE7656F61C77DCD500EB7981 /* Main.storyboard in Resources */ = {isa = PBXBuildFile; fileRef = CE7656F41C77DCD500EB7981 /* Main.storyboard */; };
		CE7656F81C77DCD500EB7981 /* Assets.xcassets in Resources */ = {isa = PBXBuildFile; fileRef = CE7656F71C77DCD500EB7981 /* Assets.xcassets */; };
		CE7656FB1C77DCD500EB7981 /* LaunchScreen.storyboard in Resources */ = {isa = PBXBuildFile; fileRef = CE7656F91C77DCD500EB7981 /* LaunchScreen.storyboard */; };
		CE7657031C77DE9000EB7981 /* LoginViewController.swift in Sources */ = {isa = PBXBuildFile; fileRef = CE7657021C77DE9000EB7981 /* LoginViewController.swift */; };
		CEF96C411C7D21DD0029E610 /* TweetDetailViewController.swift in Sources */ = {isa = PBXBuildFile; fileRef = CEF96C401C7D21DD0029E610 /* TweetDetailViewController.swift */; };
		CEFDF1881C77EE7000C5607B /* User.swift in Sources */ = {isa = PBXBuildFile; fileRef = CEFDF1871C77EE7000C5607B /* User.swift */; };
		CEFDF18A1C77EE7B00C5607B /* Tweet.swift in Sources */ = {isa = PBXBuildFile; fileRef = CEFDF1891C77EE7B00C5607B /* Tweet.swift */; };
		CEFDF18C1C78173D00C5607B /* TwitterClient.swift in Sources */ = {isa = PBXBuildFile; fileRef = CEFDF18B1C78173D00C5607B /* TwitterClient.swift */; };
		CEFDF18E1C782E5F00C5607B /* TweetsViewController.swift in Sources */ = {isa = PBXBuildFile; fileRef = CEFDF18D1C782E5F00C5607B /* TweetsViewController.swift */; };
/* End PBXBuildFile section */

/* Begin PBXFileReference section */
		4D235261AA357FF051D6DA4C /* Pods-Zwitter.release.xcconfig */ = {isa = PBXFileReference; includeInIndex = 1; lastKnownFileType = text.xcconfig; name = "Pods-Zwitter.release.xcconfig"; path = "Pods/Target Support Files/Pods-Zwitter/Pods-Zwitter.release.xcconfig"; sourceTree = "<group>"; };
		66BCBFB8E41431FEAD01CFC6 /* Pods_Zwitter.framework */ = {isa = PBXFileReference; explicitFileType = wrapper.framework; includeInIndex = 0; path = Pods_Zwitter.framework; sourceTree = BUILT_PRODUCTS_DIR; };
		AA0F999F6DCF26C6BE752C9D /* Pods-Zwitter.debug.xcconfig */ = {isa = PBXFileReference; includeInIndex = 1; lastKnownFileType = text.xcconfig; name = "Pods-Zwitter.debug.xcconfig"; path = "Pods/Target Support Files/Pods-Zwitter/Pods-Zwitter.debug.xcconfig"; sourceTree = "<group>"; };
		CE1E41EB1C78F53B00F763D6 /* TweetCell.swift */ = {isa = PBXFileReference; fileEncoding = 4; lastKnownFileType = sourcecode.swift; path = TweetCell.swift; sourceTree = "<group>"; };
		CE7656ED1C77DCD500EB7981 /* Zwitter.app */ = {isa = PBXFileReference; explicitFileType = wrapper.application; includeInIndex = 0; path = Zwitter.app; sourceTree = BUILT_PRODUCTS_DIR; };
		CE7656F01C77DCD500EB7981 /* AppDelegate.swift */ = {isa = PBXFileReference; lastKnownFileType = sourcecode.swift; path = AppDelegate.swift; sourceTree = "<group>"; };
		CE7656F51C77DCD500EB7981 /* Base */ = {isa = PBXFileReference; lastKnownFileType = file.storyboard; name = Base; path = Base.lproj/Main.storyboard; sourceTree = "<group>"; };
		CE7656F71C77DCD500EB7981 /* Assets.xcassets */ = {isa = PBXFileReference; lastKnownFileType = folder.assetcatalog; path = Assets.xcassets; sourceTree = "<group>"; };
		CE7656FA1C77DCD500EB7981 /* Base */ = {isa = PBXFileReference; lastKnownFileType = file.storyboard; name = Base; path = Base.lproj/LaunchScreen.storyboard; sourceTree = "<group>"; };
		CE7656FC1C77DCD500EB7981 /* Info.plist */ = {isa = PBXFileReference; lastKnownFileType = text.plist.xml; path = Info.plist; sourceTree = "<group>"; };
		CE7657021C77DE9000EB7981 /* LoginViewController.swift */ = {isa = PBXFileReference; fileEncoding = 4; lastKnownFileType = sourcecode.swift; path = LoginViewController.swift; sourceTree = "<group>"; };
		CEF96C401C7D21DD0029E610 /* TweetDetailViewController.swift */ = {isa = PBXFileReference; fileEncoding = 4; lastKnownFileType = sourcecode.swift; path = TweetDetailViewController.swift; sourceTree = "<group>"; };
		CEFDF1871C77EE7000C5607B /* User.swift */ = {isa = PBXFileReference; fileEncoding = 4; lastKnownFileType = sourcecode.swift; path = User.swift; sourceTree = "<group>"; };
		CEFDF1891C77EE7B00C5607B /* Tweet.swift */ = {isa = PBXFileReference; fileEncoding = 4; lastKnownFileType = sourcecode.swift; path = Tweet.swift; sourceTree = "<group>"; };
		CEFDF18B1C78173D00C5607B /* TwitterClient.swift */ = {isa = PBXFileReference; fileEncoding = 4; lastKnownFileType = sourcecode.swift; path = TwitterClient.swift; sourceTree = "<group>"; };
		CEFDF18D1C782E5F00C5607B /* TweetsViewController.swift */ = {isa = PBXFileReference; fileEncoding = 4; lastKnownFileType = sourcecode.swift; path = TweetsViewController.swift; sourceTree = "<group>"; };
/* End PBXFileReference section */

/* Begin PBXFrameworksBuildPhase section */
		CE7656EA1C77DCD500EB7981 /* Frameworks */ = {
			isa = PBXFrameworksBuildPhase;
			buildActionMask = 2147483647;
			files = (
				3982E44954EDF6B0DB7D1572 /* Pods_Zwitter.framework in Frameworks */,
			);
			runOnlyForDeploymentPostprocessing = 0;
		};
/* End PBXFrameworksBuildPhase section */

/* Begin PBXGroup section */
		BEFBDB1CF3028515DD990D0B /* Pods */ = {
			isa = PBXGroup;
			children = (
				AA0F999F6DCF26C6BE752C9D /* Pods-Zwitter.debug.xcconfig */,
				4D235261AA357FF051D6DA4C /* Pods-Zwitter.release.xcconfig */,
			);
			name = Pods;
			sourceTree = "<group>";
		};
		CE1E41EA1C78F4D500F763D6 /* Views */ = {
			isa = PBXGroup;
			children = (
				CE1E41EB1C78F53B00F763D6 /* TweetCell.swift */,
			);
			name = Views;
			sourceTree = "<group>";
		};
		CE7656E41C77DCD500EB7981 = {
			isa = PBXGroup;
			children = (
				CE7656EF1C77DCD500EB7981 /* Zwitter */,
				CE7656EE1C77DCD500EB7981 /* Products */,
				BEFBDB1CF3028515DD990D0B /* Pods */,
				F6D5707AAF46AD529CA41384 /* Frameworks */,
			);
			sourceTree = "<group>";
		};
		CE7656EE1C77DCD500EB7981 /* Products */ = {
			isa = PBXGroup;
			children = (
				CE7656ED1C77DCD500EB7981 /* Zwitter.app */,
			);
			name = Products;
			sourceTree = "<group>";
		};
		CE7656EF1C77DCD500EB7981 /* Zwitter */ = {
			isa = PBXGroup;
			children = (
				CE1E41EA1C78F4D500F763D6 /* Views */,
				CEFDF1861C77EE3E00C5607B /* API */,
				CEFDF1851C77EE0800C5607B /* View Controllers */,
				CEFDF1841C77EE0400C5607B /* Models */,
				CE7656F01C77DCD500EB7981 /* AppDelegate.swift */,
				CE7656F41C77DCD500EB7981 /* Main.storyboard */,
				CE7656F71C77DCD500EB7981 /* Assets.xcassets */,
				CE7656F91C77DCD500EB7981 /* LaunchScreen.storyboard */,
				CE7656FC1C77DCD500EB7981 /* Info.plist */,
			);
			path = Zwitter;
			sourceTree = "<group>";
		};
		CEFDF1841C77EE0400C5607B /* Models */ = {
			isa = PBXGroup;
			children = (
				CEFDF1871C77EE7000C5607B /* User.swift */,
				CEFDF1891C77EE7B00C5607B /* Tweet.swift */,
			);
			name = Models;
			sourceTree = "<group>";
		};
		CEFDF1851C77EE0800C5607B /* View Controllers */ = {
			isa = PBXGroup;
			children = (
				CE7657021C77DE9000EB7981 /* LoginViewController.swift */,
				CEFDF18D1C782E5F00C5607B /* TweetsViewController.swift */,
				CEF96C401C7D21DD0029E610 /* TweetDetailViewController.swift */,
			);
			name = "View Controllers";
			sourceTree = "<group>";
		};
		CEFDF1861C77EE3E00C5607B /* API */ = {
			isa = PBXGroup;
			children = (
				CEFDF18B1C78173D00C5607B /* TwitterClient.swift */,
			);
			name = API;
			sourceTree = "<group>";
		};
		F6D5707AAF46AD529CA41384 /* Frameworks */ = {
			isa = PBXGroup;
			children = (
				66BCBFB8E41431FEAD01CFC6 /* Pods_Zwitter.framework */,
			);
			name = Frameworks;
			sourceTree = "<group>";
		};
/* End PBXGroup section */

/* Begin PBXNativeTarget section */
		CE7656EC1C77DCD500EB7981 /* Zwitter */ = {
			isa = PBXNativeTarget;
			buildConfigurationList = CE7656FF1C77DCD500EB7981 /* Build configuration list for PBXNativeTarget "Zwitter" */;
			buildPhases = (
				109DF83265C6B1EDCC651D42 /* Check Pods Manifest.lock */,
				CE7656E91C77DCD500EB7981 /* Sources */,
				CE7656EA1C77DCD500EB7981 /* Frameworks */,
				CE7656EB1C77DCD500EB7981 /* Resources */,
				EC2B3DF4321953E8517EC16D /* Embed Pods Frameworks */,
				30F5E43E026543845E910BAC /* Copy Pods Resources */,
			);
			buildRules = (
			);
			dependencies = (
			);
			name = Zwitter;
			productName = Zwitter;
			productReference = CE7656ED1C77DCD500EB7981 /* Zwitter.app */;
			productType = "com.apple.product-type.application";
		};
/* End PBXNativeTarget section */

/* Begin PBXProject section */
		CE7656E51C77DCD500EB7981 /* Project object */ = {
			isa = PBXProject;
			attributes = {
				LastSwiftUpdateCheck = 0710;
				LastUpgradeCheck = 0710;
				ORGANIZATIONNAME = Zeus;
				TargetAttributes = {
					CE7656EC1C77DCD500EB7981 = {
						CreatedOnToolsVersion = 7.1.1;
						DevelopmentTeam = 83BA96RKQ4;
					};
				};
			};
			buildConfigurationList = CE7656E81C77DCD500EB7981 /* Build configuration list for PBXProject "Zwitter" */;
			compatibilityVersion = "Xcode 3.2";
			developmentRegion = English;
			hasScannedForEncodings = 0;
			knownRegions = (
				en,
				Base,
			);
			mainGroup = CE7656E41C77DCD500EB7981;
			productRefGroup = CE7656EE1C77DCD500EB7981 /* Products */;
			projectDirPath = "";
			projectRoot = "";
			targets = (
				CE7656EC1C77DCD500EB7981 /* Zwitter */,
			);
		};
/* End PBXProject section */

/* Begin PBXResourcesBuildPhase section */
		CE7656EB1C77DCD500EB7981 /* Resources */ = {
			isa = PBXResourcesBuildPhase;
			buildActionMask = 2147483647;
			files = (
				CE7656FB1C77DCD500EB7981 /* LaunchScreen.storyboard in Resources */,
				CE7656F81C77DCD500EB7981 /* Assets.xcassets in Resources */,
				CE7656F61C77DCD500EB7981 /* Main.storyboard in Resources */,
			);
			runOnlyForDeploymentPostprocessing = 0;
		};
/* End PBXResourcesBuildPhase section */

/* Begin PBXShellScriptBuildPhase section */
		109DF83265C6B1EDCC651D42 /* Check Pods Manifest.lock */ = {
			isa = PBXShellScriptBuildPhase;
			buildActionMask = 2147483647;
			files = (
			);
			inputPaths = (
			);
			name = "Check Pods Manifest.lock";
			outputPaths = (
			);
			runOnlyForDeploymentPostprocessing = 0;
			shellPath = /bin/sh;
			shellScript = "diff \"${PODS_ROOT}/../Podfile.lock\" \"${PODS_ROOT}/Manifest.lock\" > /dev/null\nif [[ $? != 0 ]] ; then\n    cat << EOM\nerror: The sandbox is not in sync with the Podfile.lock. Run 'pod install' or update your CocoaPods installation.\nEOM\n    exit 1\nfi\n";
			showEnvVarsInLog = 0;
		};
		30F5E43E026543845E910BAC /* Copy Pods Resources */ = {
			isa = PBXShellScriptBuildPhase;
			buildActionMask = 2147483647;
			files = (
			);
			inputPaths = (
			);
			name = "Copy Pods Resources";
			outputPaths = (
			);
			runOnlyForDeploymentPostprocessing = 0;
			shellPath = /bin/sh;
			shellScript = "\"${SRCROOT}/Pods/Target Support Files/Pods-Zwitter/Pods-Zwitter-resources.sh\"\n";
			showEnvVarsInLog = 0;
		};
		EC2B3DF4321953E8517EC16D /* Embed Pods Frameworks */ = {
			isa = PBXShellScriptBuildPhase;
			buildActionMask = 2147483647;
			files = (
			);
			inputPaths = (
			);
			name = "Embed Pods Frameworks";
			outputPaths = (
			);
			runOnlyForDeploymentPostprocessing = 0;
			shellPath = /bin/sh;
			shellScript = "\"${SRCROOT}/Pods/Target Support Files/Pods-Zwitter/Pods-Zwitter-frameworks.sh\"\n";
			showEnvVarsInLog = 0;
		};
/* End PBXShellScriptBuildPhase section */

/* Begin PBXSourcesBuildPhase section */
		CE7656E91C77DCD500EB7981 /* Sources */ = {
			isa = PBXSourcesBuildPhase;
			buildActionMask = 2147483647;
			files = (
				CEFDF1881C77EE7000C5607B /* User.swift in Sources */,
				CE1E41EC1C78F53B00F763D6 /* TweetCell.swift in Sources */,
				CEFDF18A1C77EE7B00C5607B /* Tweet.swift in Sources */,
				CE7657031C77DE9000EB7981 /* LoginViewController.swift in Sources */,
				CEFDF18E1C782E5F00C5607B /* TweetsViewController.swift in Sources */,
				CEF96C411C7D21DD0029E610 /* TweetDetailViewController.swift in Sources */,
				CEFDF18C1C78173D00C5607B /* TwitterClient.swift in Sources */,
				CE7656F11C77DCD500EB7981 /* AppDelegate.swift in Sources */,
			);
			runOnlyForDeploymentPostprocessing = 0;
		};
/* End PBXSourcesBuildPhase section */

/* Begin PBXVariantGroup section */
		CE7656F41C77DCD500EB7981 /* Main.storyboard */ = {
			isa = PBXVariantGroup;
			children = (
				CE7656F51C77DCD500EB7981 /* Base */,
			);
			name = Main.storyboard;
			sourceTree = "<group>";
		};
		CE7656F91C77DCD500EB7981 /* LaunchScreen.storyboard */ = {
			isa = PBXVariantGroup;
			children = (
				CE7656FA1C77DCD500EB7981 /* Base */,
			);
			name = LaunchScreen.storyboard;
			sourceTree = "<group>";
		};
/* End PBXVariantGroup section */

/* Begin XCBuildConfiguration section */
		CE7656FD1C77DCD500EB7981 /* Debug */ = {
			isa = XCBuildConfiguration;
			buildSettings = {
				ALWAYS_SEARCH_USER_PATHS = NO;
				CLANG_CXX_LANGUAGE_STANDARD = "gnu++0x";
				CLANG_CXX_LIBRARY = "libc++";
				CLANG_ENABLE_MODULES = YES;
				CLANG_ENABLE_OBJC_ARC = YES;
				CLANG_WARN_BOOL_CONVERSION = YES;
				CLANG_WARN_CONSTANT_CONVERSION = YES;
				CLANG_WARN_DIRECT_OBJC_ISA_USAGE = YES_ERROR;
				CLANG_WARN_EMPTY_BODY = YES;
				CLANG_WARN_ENUM_CONVERSION = YES;
				CLANG_WARN_INT_CONVERSION = YES;
				CLANG_WARN_OBJC_ROOT_CLASS = YES_ERROR;
				CLANG_WARN_UNREACHABLE_CODE = YES;
				CLANG_WARN__DUPLICATE_METHOD_MATCH = YES;
				"CODE_SIGN_IDENTITY[sdk=iphoneos*]" = "iPhone Developer";
				COPY_PHASE_STRIP = NO;
				DEBUG_INFORMATION_FORMAT = dwarf;
				ENABLE_STRICT_OBJC_MSGSEND = YES;
				ENABLE_TESTABILITY = YES;
				GCC_C_LANGUAGE_STANDARD = gnu99;
				GCC_DYNAMIC_NO_PIC = NO;
				GCC_NO_COMMON_BLOCKS = YES;
				GCC_OPTIMIZATION_LEVEL = 0;
				GCC_PREPROCESSOR_DEFINITIONS = (
					"DEBUG=1",
					"$(inherited)",
				);
				GCC_WARN_64_TO_32_BIT_CONVERSION = YES;
				GCC_WARN_ABOUT_RETURN_TYPE = YES_ERROR;
				GCC_WARN_UNDECLARED_SELECTOR = YES;
				GCC_WARN_UNINITIALIZED_AUTOS = YES_AGGRESSIVE;
				GCC_WARN_UNUSED_FUNCTION = YES;
				GCC_WARN_UNUSED_VARIABLE = YES;
				IPHONEOS_DEPLOYMENT_TARGET = 9.1;
				MTL_ENABLE_DEBUG_INFO = YES;
				ONLY_ACTIVE_ARCH = YES;
				SDKROOT = iphoneos;
				SWIFT_OPTIMIZATION_LEVEL = "-Onone";
				TARGETED_DEVICE_FAMILY = "1,2";
			};
			name = Debug;
		};
		CE7656FE1C77DCD500EB7981 /* Release */ = {
			isa = XCBuildConfiguration;
			buildSettings = {
				ALWAYS_SEARCH_USER_PATHS = NO;
				CLANG_CXX_LANGUAGE_STANDARD = "gnu++0x";
				CLANG_CXX_LIBRARY = "libc++";
				CLANG_ENABLE_MODULES = YES;
				CLANG_ENABLE_OBJC_ARC = YES;
				CLANG_WARN_BOOL_CONVERSION = YES;
				CLANG_WARN_CONSTANT_CONVERSION = YES;
				CLANG_WARN_DIRECT_OBJC_ISA_USAGE = YES_ERROR;
				CLANG_WARN_EMPTY_BODY = YES;
				CLANG_WARN_ENUM_CONVERSION = YES;
				CLANG_WARN_INT_CONVERSION = YES;
				CLANG_WARN_OBJC_ROOT_CLASS = YES_ERROR;
				CLANG_WARN_UNREACHABLE_CODE = YES;
				CLANG_WARN__DUPLICATE_METHOD_MATCH = YES;
				"CODE_SIGN_IDENTITY[sdk=iphoneos*]" = "iPhone Developer";
				COPY_PHASE_STRIP = NO;
				DEBUG_INFORMATION_FORMAT = "dwarf-with-dsym";
				ENABLE_NS_ASSERTIONS = NO;
				ENABLE_STRICT_OBJC_MSGSEND = YES;
				GCC_C_LANGUAGE_STANDARD = gnu99;
				GCC_NO_COMMON_BLOCKS = YES;
				GCC_WARN_64_TO_32_BIT_CONVERSION = YES;
				GCC_WARN_ABOUT_RETURN_TYPE = YES_ERROR;
				GCC_WARN_UNDECLARED_SELECTOR = YES;
				GCC_WARN_UNINITIALIZED_AUTOS = YES_AGGRESSIVE;
				GCC_WARN_UNUSED_FUNCTION = YES;
				GCC_WARN_UNUSED_VARIABLE = YES;
				IPHONEOS_DEPLOYMENT_TARGET = 9.1;
				MTL_ENABLE_DEBUG_INFO = NO;
				SDKROOT = iphoneos;
				TARGETED_DEVICE_FAMILY = "1,2";
				VALIDATE_PRODUCT = YES;
			};
			name = Release;
		};
		CE7657001C77DCD500EB7981 /* Debug */ = {
			isa = XCBuildConfiguration;
			baseConfigurationReference = AA0F999F6DCF26C6BE752C9D /* Pods-Zwitter.debug.xcconfig */;
			buildSettings = {
				ASSETCATALOG_COMPILER_APPICON_NAME = AppIcon;
				INFOPLIST_FILE = Zwitter/Info.plist;
				LD_RUNPATH_SEARCH_PATHS = "$(inherited) @executable_path/Frameworks";
				PRODUCT_BUNDLE_IDENTIFIER = com.Zeus.Zwitter;
				PRODUCT_NAME = "$(TARGET_NAME)";
			};
			name = Debug;
		};
		CE7657011C77DCD500EB7981 /* Release */ = {
			isa = XCBuildConfiguration;
			baseConfigurationReference = 4D235261AA357FF051D6DA4C /* Pods-Zwitter.release.xcconfig */;
			buildSettings = {
				ASSETCATALOG_COMPILER_APPICON_NAME = AppIcon;
				INFOPLIST_FILE = Zwitter/Info.plist;
				LD_RUNPATH_SEARCH_PATHS = "$(inherited) @executable_path/Frameworks";
				PRODUCT_BUNDLE_IDENTIFIER = com.Zeus.Zwitter;
				PRODUCT_NAME = "$(TARGET_NAME)";
			};
			name = Release;
		};
/* End XCBuildConfiguration section */

/* Begin XCConfigurationList section */
		CE7656E81C77DCD500EB7981 /* Build configuration list for PBXProject "Zwitter" */ = {
			isa = XCConfigurationList;
			buildConfigurations = (
				CE7656FD1C77DCD500EB7981 /* Debug */,
				CE7656FE1C77DCD500EB7981 /* Release */,
			);
			defaultConfigurationIsVisible = 0;
			defaultConfigurationName = Release;
		};
		CE7656FF1C77DCD500EB7981 /* Build configuration list for PBXNativeTarget "Zwitter" */ = {
			isa = XCConfigurationList;
			buildConfigurations = (
				CE7657001C77DCD500EB7981 /* Debug */,
				CE7657011C77DCD500EB7981 /* Release */,
			);
			defaultConfigurationIsVisible = 0;
			defaultConfigurationName = Release;
		};
/* End XCConfigurationList section */
	};
	rootObject = CE7656E51C77DCD500EB7981 /* Project object */;
}
